// !$*UTF8*$!
{
	archiveVersion = 1;
	classes = {
	};
	objectVersion = 46;
	objects = {

/* Begin PBXBuildFile section */
		3F84200C1C5BAABB00D6692B /* AppDelegate.swift in Sources */ = {isa = PBXBuildFile; fileRef = 3F84200B1C5BAABB00D6692B /* AppDelegate.swift */; };
		3F84200E1C5BAABB00D6692B /* ViewController.swift in Sources */ = {isa = PBXBuildFile; fileRef = 3F84200D1C5BAABB00D6692B /* ViewController.swift */; };
		3F8420111C5BAABB00D6692B /* Main.storyboard in Resources */ = {isa = PBXBuildFile; fileRef = 3F84200F1C5BAABB00D6692B /* Main.storyboard */; };
		3F8420131C5BAABB00D6692B /* Assets.xcassets in Resources */ = {isa = PBXBuildFile; fileRef = 3F8420121C5BAABB00D6692B /* Assets.xcassets */; };
		3F8420161C5BAABB00D6692B /* LaunchScreen.storyboard in Resources */ = {isa = PBXBuildFile; fileRef = 3F8420141C5BAABB00D6692B /* LaunchScreen.storyboard */; };
/* End PBXBuildFile section */

/* Begin PBXFileReference section */
		3F8420081C5BAABB00D6692B /* AdaptiveWeather.app */ = {isa = PBXFileReference; explicitFileType = wrapper.application; includeInIndex = 0; path = AdaptiveWeather.app; sourceTree = BUILT_PRODUCTS_DIR; };
		3F84200B1C5BAABB00D6692B /* AppDelegate.swift */ = {isa = PBXFileReference; lastKnownFileType = sourcecode.swift; path = AppDelegate.swift; sourceTree = "<group>"; };
		3F84200D1C5BAABB00D6692B /* ViewController.swift */ = {isa = PBXFileReference; lastKnownFileType = sourcecode.swift; path = ViewController.swift; sourceTree = "<group>"; };
		3F8420101C5BAABB00D6692B /* Base */ = {isa = PBXFileReference; lastKnownFileType = file.storyboard; name = Base; path = Base.lproj/Main.storyboard; sourceTree = "<group>"; };
		3F8420121C5BAABB00D6692B /* Assets.xcassets */ = {isa = PBXFileReference; lastKnownFileType = folder.assetcatalog; path = Assets.xcassets; sourceTree = "<group>"; };
		3F8420151C5BAABB00D6692B /* Base */ = {isa = PBXFileReference; lastKnownFileType = file.storyboard; name = Base; path = Base.lproj/LaunchScreen.storyboard; sourceTree = "<group>"; };
		3F8420171C5BAABB00D6692B /* Info.plist */ = {isa = PBXFileReference; lastKnownFileType = text.plist.xml; path = Info.plist; sourceTree = "<group>"; };
/* End PBXFileReference section */

/* Begin PBXFrameworksBuildPhase section */
		3F8420051C5BAABB00D6692B /* Frameworks */ = {
			isa = PBXFrameworksBuildPhase;
			buildActionMask = 2147483647;
			files = (
			);
			runOnlyForDeploymentPostprocessing = 0;
		};
/* End PBXFrameworksBuildPhase section */

/* Begin PBXGroup section */
		3F841FFF1C5BAABB00D6692B = {
			isa = PBXGroup;
			children = (
				3F84200A1C5BAABB00D6692B /* AdaptiveWeather */,
				3F8420091C5BAABB00D6692B /* Products */,
			);
			sourceTree = "<group>";
		};
		3F8420091C5BAABB00D6692B /* Products */ = {
			isa = PBXGroup;
			children = (
				3F8420081C5BAABB00D6692B /* AdaptiveWeather.app */,
			);
			name = Products;
			sourceTree = "<group>";
		};
		3F84200A1C5BAABB00D6692B /* AdaptiveWeather */ = {
			isa = PBXGroup;
			children = (
				3F84200B1C5BAABB00D6692B /* AppDelegate.swift */,
				3F84200D1C5BAABB00D6692B /* ViewController.swift */,
				3F84200F1C5BAABB00D6692B /* Main.storyboard */,
				3F8420121C5BAABB00D6692B /* Assets.xcassets */,
				3F8420141C5BAABB00D6692B /* LaunchScreen.storyboard */,
				3F8420171C5BAABB00D6692B /* Info.plist */,
			);
			path = AdaptiveWeather;
			sourceTree = "<group>";
		};
/* End PBXGroup section */

/* Begin PBXNativeTarget section */
		3F8420071C5BAABB00D6692B /* AdaptiveWeather */ = {
			isa = PBXNativeTarget;
			buildConfigurationList = 3F84201A1C5BAABB00D6692B /* Build configuration list for PBXNativeTarget "AdaptiveWeather" */;
			buildPhases = (
				3F8420041C5BAABB00D6692B /* Sources */,
				3F8420051C5BAABB00D6692B /* Frameworks */,
				3F8420061C5BAABB00D6692B /* Resources */,
			);
			buildRules = (
			);
			dependencies = (
			);
			name = AdaptiveWeather;
			productName = AdaptiveWeather;
			productReference = 3F8420081C5BAABB00D6692B /* AdaptiveWeather.app */;
			productType = "com.apple.product-type.application";
		};
/* End PBXNativeTarget section */

/* Begin PBXProject section */
		3F8420001C5BAABB00D6692B /* Project object */ = {
			isa = PBXProject;
			attributes = {
				LastSwiftUpdateCheck = 0720;
				LastUpgradeCheck = 0720;
				ORGANIZATIONNAME = student;
				TargetAttributes = {
					3F8420071C5BAABB00D6692B = {
						CreatedOnToolsVersion = 7.2;
					};
				};
			};
			buildConfigurationList = 3F8420031C5BAABB00D6692B /* Build configuration list for PBXProject "AdaptiveWeather" */;
			compatibilityVersion = "Xcode 3.2";
			developmentRegion = English;
			hasScannedForEncodings = 0;
			knownRegions = (
				en,
				Base,
			);
			mainGroup = 3F841FFF1C5BAABB00D6692B;
			productRefGroup = 3F8420091C5BAABB00D6692B /* Products */;
			projectDirPath = "";
			projectRoot = "";
			targets = (
				3F8420071C5BAABB00D6692B /* AdaptiveWeather */,
			);
		};
/* End PBXProject section */

/* Begin PBXResourcesBuildPhase section */
		3F8420061C5BAABB00D6692B /* Resources */ = {
			isa = PBXResourcesBuildPhase;
			buildActionMask = 2147483647;
			files = (
				3F8420161C5BAABB00D6692B /* LaunchScreen.storyboard in Resources */,
				3F8420131C5BAABB00D6692B /* Assets.xcassets in Resources */,
				3F8420111C5BAABB00D6692B /* Main.storyboard in Resources */,
			);
			runOnlyForDeploymentPostprocessing = 0;
		};
/* End PBXResourcesBuildPhase section */

/* Begin PBXSourcesBuildPhase section */
		3F8420041C5BAABB00D6692B /* Sources */ = {
			isa = PBXSourcesBuildPhase;
			buildActionMask = 2147483647;
			files = (
				3F84200E1C5BAABB00D6692B /* ViewController.swift in Sources */,
				3F84200C1C5BAABB00D6692B /* AppDelegate.swift in Sources */,
			);
			runOnlyForDeploymentPostprocessing = 0;
		};
/* End PBXSourcesBuildPhase section */

/* Begin PBXVariantGroup section */
		3F84200F1C5BAABB00D6692B /* Main.storyboard */ = {
			isa = PBXVariantGroup;
			children = (
				3F8420101C5BAABB00D6692B /* Base */,
			);
			name = Main.storyboard;
			sourceTree = "<group>";
		};
		3F8420141C5BAABB00D6692B /* LaunchScreen.storyboard */ = {
			isa = PBXVariantGroup;
			children = (
				3F8420151C5BAABB00D6692B /* Base */,
			);
			name = LaunchScreen.storyboard;
			sourceTree = "<group>";
		};
/* End PBXVariantGroup section */

/* Begin XCBuildConfiguration section */
		3F8420181C5BAABB00D6692B /* Debug */ = {
			isa = XCBuildConfiguration;
			buildSettings = {
				ALWAYS_SEARCH_USER_PATHS = NO;
				CLANG_CXX_LANGUAGE_STANDARD = "gnu++0x";
				CLANG_CXX_LIBRARY = "libc++";
				CLANG_ENABLE_MODULES = YES;
				CLANG_ENABLE_OBJC_ARC = YES;
				CLANG_WARN_BOOL_CONVERSION = YES;
				CLANG_WARN_CONSTANT_CONVERSION = YES;
				CLANG_WARN_DIRECT_OBJC_ISA_USAGE = YES_ERROR;
				CLANG_WARN_EMPTY_BODY = YES;
				CLANG_WARN_ENUM_CONVERSION = YES;
				CLANG_WARN_INT_CONVERSION = YES;
				CLANG_WARN_OBJC_ROOT_CLASS = YES_ERROR;
				CLANG_WARN_UNREACHABLE_CODE = YES;
				CLANG_WARN__DUPLICATE_METHOD_MATCH = YES;
				"CODE_SIGN_IDENTITY[sdk=iphoneos*]" = "iPhone Developer";
				COPY_PHASE_STRIP = NO;
				DEBUG_INFORMATION_FORMAT = dwarf;
				ENABLE_STRICT_OBJC_MSGSEND = YES;
				ENABLE_TESTABILITY = YES;
				GCC_C_LANGUAGE_STANDARD = gnu99;
				GCC_DYNAMIC_NO_PIC = NO;
				GCC_NO_COMMON_BLOCKS = YES;
				GCC_OPTIMIZATION_LEVEL = 0;
				GCC_PREPROCESSOR_DEFINITIONS = (
					"DEBUG=1",
					"$(inherited)",
				);
				GCC_WARN_64_TO_32_BIT_CONVERSION = YES;
				GCC_WARN_ABOUT_RETURN_TYPE = YES_ERROR;
				GCC_WARN_UNDECLARED_SELECTOR = YES;
				GCC_WARN_UNINITIALIZED_AUTOS = YES_AGGRESSIVE;
				GCC_WARN_UNUSED_FUNCTION = YES;
				GCC_WARN_UNUSED_VARIABLE = YES;
				IPHONEOS_DEPLOYMENT_TARGET = 9.2;
				MTL_ENABLE_DEBUG_INFO = YES;
				ONLY_ACTIVE_ARCH = YES;
				SDKROOT = iphoneos;
				SWIFT_OPTIMIZATION_LEVEL = "-Onone";
				TARGETED_DEVICE_FAMILY = "1,2";
			};
			name = Debug;
		};
		3F8420191C5BAABB00D6692B /* Release */ = {
			isa = XCBuildConfiguration;
			buildSettings = {
				ALWAYS_SEARCH_USER_PATHS = NO;
				CLANG_CXX_LANGUAGE_STANDARD = "gnu++0x";
				CLANG_CXX_LIBRARY = "libc++";
				CLANG_ENABLE_MODULES = YES;
				CLANG_ENABLE_OBJC_ARC = YES;
				CLANG_WARN_BOOL_CONVERSION = YES;
				CLANG_WARN_CONSTANT_CONVERSION = YES;
				CLANG_WARN_DIRECT_OBJC_ISA_USAGE = YES_ERROR;
				CLANG_WARN_EMPTY_BODY = YES;
				CLANG_WARN_ENUM_CONVERSION = YES;
				CLANG_WARN_INT_CONVERSION = YES;
				CLANG_WARN_OBJC_ROOT_CLASS = YES_ERROR;
				CLANG_WARN_UNREACHABLE_CODE = YES;
				CLANG_WARN__DUPLICATE_METHOD_MATCH = YES;
				"CODE_SIGN_IDENTITY[sdk=iphoneos*]" = "iPhone Developer";
				COPY_PHASE_STRIP = NO;
				DEBUG_INFORMATION_FORMAT = "dwarf-with-dsym";
				ENABLE_NS_ASSERTIONS = NO;
				ENABLE_STRICT_OBJC_MSGSEND = YES;
				GCC_C_LANGUAGE_STANDARD = gnu99;
				GCC_NO_COMMON_BLOCKS = YES;
				GCC_WARN_64_TO_32_BIT_CONVERSION = YES;
				GCC_WARN_ABOUT_RETURN_TYPE = YES_ERROR;
				GCC_WARN_UNDECLARED_SELECTOR = YES;
				GCC_WARN_UNINITIALIZED_AUTOS = YES_AGGRESSIVE;
				GCC_WARN_UNUSED_FUNCTION = YES;
				GCC_WARN_UNUSED_VARIABLE = YES;
				IPHONEOS_DEPLOYMENT_TARGET = 9.2;
				MTL_ENABLE_DEBUG_INFO = NO;
				SDKROOT = iphoneos;
				TARGETED_DEVICE_FAMILY = "1,2";
				VALIDATE_PRODUCT = YES;
			};
			name = Release;
		};
		3F84201B1C5BAABB00D6692B /* Debug */ = {
			isa = XCBuildConfiguration;
			buildSettings = {
				ASSETCATALOG_COMPILER_APPICON_NAME = AppIcon;
				INFOPLIST_FILE = AdaptiveWeather/Info.plist;
				LD_RUNPATH_SEARCH_PATHS = "$(inherited) @executable_path/Frameworks";
				PRODUCT_BUNDLE_IDENTIFIER = "com.georgiancollege.test-project.AdaptiveWeather";
				PRODUCT_NAME = "$(TARGET_NAME)";
			};
			name = Debug;
		};
		3F84201C1C5BAABB00D6692B /* Release */ = {
			isa = XCBuildConfiguration;
			buildSettings = {
				ASSETCATALOG_COMPILER_APPICON_NAME = AppIcon;
				INFOPLIST_FILE = AdaptiveWeather/Info.plist;
				LD_RUNPATH_SEARCH_PATHS = "$(inherited) @executable_path/Frameworks";
				PRODUCT_BUNDLE_IDENTIFIER = "com.georgiancollege.test-project.AdaptiveWeather";
				PRODUCT_NAME = "$(TARGET_NAME)";
			};
			name = Release;
		};
/* End XCBuildConfiguration section */

/* Begin XCConfigurationList section */
		3F8420031C5BAABB00D6692B /* Build configuration list for PBXProject "AdaptiveWeather" */ = {
			isa = XCConfigurationList;
			buildConfigurations = (
				3F8420181C5BAABB00D6692B /* Debug */,
				3F8420191C5BAABB00D6692B /* Release */,
			);
			defaultConfigurationIsVisible = 0;
			defaultConfigurationName = Release;
		};
		3F84201A1C5BAABB00D6692B /* Build configuration list for PBXNativeTarget "AdaptiveWeather" */ = {
			isa = XCConfigurationList;
			buildConfigurations = (
				3F84201B1C5BAABB00D6692B /* Debug */,
				3F84201C1C5BAABB00D6692B /* Release */,
			);
			defaultConfigurationIsVisible = 0;
		};
/* End XCConfigurationList section */
	};
	rootObject = 3F8420001C5BAABB00D6692B /* Project object */;
}
